
Microsoft Visual Studio Solution File, Format Version 12.00
Project("{FAE04EC0-301F-11D3-BF4B-00C04F79EFBC}") = "Thaliak.Common.Database", "Thaliak.Common.Database\Thaliak.Common.Database.csproj", "{8DF9315A-A28F-43FD-A5F7-990D4A282C91}"
EndProject
Project("{FAE04EC0-301F-11D3-BF4B-00C04F79EFBC}") = "Thaliak.Service.Poller", "Thaliak.Service.Poller\Thaliak.Service.Poller.csproj", "{4084A34E-3942-4704-88A3-33056419000A}"
EndProject
Project("{FAE04EC0-301F-11D3-BF4B-00C04F79EFBC}") = "Thaliak.Common.Messages", "Thaliak.Common.Messages\Thaliak.Common.Messages.csproj", "{E2351FCE-C7AC-4413-9C69-30979D535062}"
EndProject
Project("{D954291E-2A0B-460D-934E-DC6B0785DB48}") = "Thaliak.Web", "..\web\Thaliak.Web.shproj", "{194898E2-6FA4-4EAE-AE13-C846D8926488}"
EndProject
Global
	GlobalSection(SolutionConfigurationPlatforms) = preSolution
		Debug|Any CPU = Debug|Any CPU
		Release|Any CPU = Release|Any CPU
	EndGlobalSection
	GlobalSection(ProjectConfigurationPlatforms) = postSolution
		{8DF9315A-A28F-43FD-A5F7-990D4A282C91}.Debug|Any CPU.ActiveCfg = Debug|Any CPU
		{8DF9315A-A28F-43FD-A5F7-990D4A282C91}.Debug|Any CPU.Build.0 = Debug|Any CPU
		{8DF9315A-A28F-43FD-A5F7-990D4A282C91}.Release|Any CPU.ActiveCfg = Release|Any CPU
		{8DF9315A-A28F-43FD-A5F7-990D4A282C91}.Release|Any CPU.Build.0 = Release|Any CPU
		{4084A34E-3942-4704-88A3-33056419000A}.Debug|Any CPU.ActiveCfg = Debug|Any CPU
		{4084A34E-3942-4704-88A3-33056419000A}.Debug|Any CPU.Build.0 = Debug|Any CPU
		{4084A34E-3942-4704-88A3-33056419000A}.Release|Any CPU.ActiveCfg = Release|Any CPU
		{4084A34E-3942-4704-88A3-33056419000A}.Release|Any CPU.Build.0 = Release|Any CPU
		{E2351FCE-C7AC-4413-9C69-30979D535062}.Debug|Any CPU.ActiveCfg = Debug|Any CPU
		{E2351FCE-C7AC-4413-9C69-30979D535062}.Debug|Any CPU.Build.0 = Debug|Any CPU
		{E2351FCE-C7AC-4413-9C69-30979D535062}.Release|Any CPU.ActiveCfg = Release|Any CPU
		{E2351FCE-C7AC-4413-9C69-30979D535062}.Release|Any CPU.Build.0 = Release|Any CPU
	EndGlobalSection
	GlobalSection(NestedProjects) = preSolution
	EndGlobalSection
EndGlobal
