
Microsoft Visual Studio Solution File, Format Version 12.00
Project("{FAE04EC0-301F-11D3-BF4B-00C04F79EFBC}") = "Thaliak.Service.Api", "Thaliak.Service.Api\Thaliak.Service.Api.csproj", "{59C61130-142B-482C-97F8-CE4A6BC68B04}"
EndProject
Project("{FAE04EC0-301F-11D3-BF4B-00C04F79EFBC}") = "Thaliak.Common.Database", "Thaliak.Common.Database\Thaliak.Common.Database.csproj", "{8DF9315A-A28F-43FD-A5F7-990D4A282C91}"
EndProject
Project("{2150E333-8FDC-42A3-9474-1A3956D46DE8}") = "lib", "lib", "{65620F58-8B20-4FA2-8CE4-3FB158AD3FAD}"
EndProject
Project("{FAE04EC0-301F-11D3-BF4B-00C04F79EFBC}") = "XIVLauncher.Common", "lib\FFXIVQuickLauncher\src\XIVLauncher.Common\XIVLauncher.Common.csproj", "{9565E611-AC6D-4C2C-BDC6-CD8649209E0A}"
EndProject
Project("{FAE04EC0-301F-11D3-BF4B-00C04F79EFBC}") = "Thaliak.Service.Poller", "Thaliak.Service.Poller\Thaliak.Service.Poller.csproj", "{4084A34E-3942-4704-88A3-33056419000A}"
EndProject
Project("{FAE04EC0-301F-11D3-BF4B-00C04F79EFBC}") = "Thaliak.Service.Analyser", "Thaliak.Service.Analyser\Thaliak.Service.Analyser.csproj", "{ADA40CF3-CE32-4B2B-9525-29F8F365DA3C}"
EndProject
Project("{FAE04EC0-301F-11D3-BF4B-00C04F79EFBC}") = "Thaliak.Common.Messages", "Thaliak.Common.Messages\Thaliak.Common.Messages.csproj", "{E2351FCE-C7AC-4413-9C69-30979D535062}"
EndProject
Project("{FAE04EC0-301F-11D3-BF4B-00C04F79EFBC}") = "Thaliak.Analysis.Engine", "Thaliak.Analysis.Engine\Thaliak.Analysis.Engine.csproj", "{CB981E64-172E-473D-A39E-23D636CF90E7}"
EndProject
Project("{FAE04EC0-301F-11D3-BF4B-00C04F79EFBC}") = "Thaliak.AdminCli", "Thaliak.AdminCli\Thaliak.AdminCli.csproj", "{1D136F75-FF49-4743-A278-ED8EEA239212}"
EndProject
Project("{D954291E-2A0B-460D-934E-DC6B0785DB48}") = "Thaliak.Web", "Thaliak.Web\Thaliak.Web.shproj", "{194898E2-6FA4-4EAE-AE13-C846D8926488}"
EndProject
Global
	GlobalSection(SolutionConfigurationPlatforms) = preSolution
		Debug|Any CPU = Debug|Any CPU
		Release|Any CPU = Release|Any CPU
	EndGlobalSection
	GlobalSection(ProjectConfigurationPlatforms) = postSolution
		{59C61130-142B-482C-97F8-CE4A6BC68B04}.Debug|Any CPU.ActiveCfg = Debug|Any CPU
		{59C61130-142B-482C-97F8-CE4A6BC68B04}.Debug|Any CPU.Build.0 = Debug|Any CPU
		{59C61130-142B-482C-97F8-CE4A6BC68B04}.Release|Any CPU.ActiveCfg = Release|Any CPU
		{59C61130-142B-482C-97F8-CE4A6BC68B04}.Release|Any CPU.Build.0 = Release|Any CPU
		{8DF9315A-A28F-43FD-A5F7-990D4A282C91}.Debug|Any CPU.ActiveCfg = Debug|Any CPU
		{8DF9315A-A28F-43FD-A5F7-990D4A282C91}.Debug|Any CPU.Build.0 = Debug|Any CPU
		{8DF9315A-A28F-43FD-A5F7-990D4A282C91}.Release|Any CPU.ActiveCfg = Release|Any CPU
		{8DF9315A-A28F-43FD-A5F7-990D4A282C91}.Release|Any CPU.Build.0 = Release|Any CPU
		{9565E611-AC6D-4C2C-BDC6-CD8649209E0A}.Debug|Any CPU.ActiveCfg = Debug|Any CPU
		{9565E611-AC6D-4C2C-BDC6-CD8649209E0A}.Debug|Any CPU.Build.0 = Debug|Any CPU
		{9565E611-AC6D-4C2C-BDC6-CD8649209E0A}.Release|Any CPU.ActiveCfg = Release|Any CPU
		{9565E611-AC6D-4C2C-BDC6-CD8649209E0A}.Release|Any CPU.Build.0 = Release|Any CPU
		{4084A34E-3942-4704-88A3-33056419000A}.Debug|Any CPU.ActiveCfg = Debug|Any CPU
		{4084A34E-3942-4704-88A3-33056419000A}.Debug|Any CPU.Build.0 = Debug|Any CPU
		{4084A34E-3942-4704-88A3-33056419000A}.Release|Any CPU.ActiveCfg = Release|Any CPU
		{4084A34E-3942-4704-88A3-33056419000A}.Release|Any CPU.Build.0 = Release|Any CPU
		{ADA40CF3-CE32-4B2B-9525-29F8F365DA3C}.Debug|Any CPU.ActiveCfg = Debug|Any CPU
		{ADA40CF3-CE32-4B2B-9525-29F8F365DA3C}.Debug|Any CPU.Build.0 = Debug|Any CPU
		{ADA40CF3-CE32-4B2B-9525-29F8F365DA3C}.Release|Any CPU.ActiveCfg = Release|Any CPU
		{ADA40CF3-CE32-4B2B-9525-29F8F365DA3C}.Release|Any CPU.Build.0 = Release|Any CPU
		{E2351FCE-C7AC-4413-9C69-30979D535062}.Debug|Any CPU.ActiveCfg = Debug|Any CPU
		{E2351FCE-C7AC-4413-9C69-30979D535062}.Debug|Any CPU.Build.0 = Debug|Any CPU
		{E2351FCE-C7AC-4413-9C69-30979D535062}.Release|Any CPU.ActiveCfg = Release|Any CPU
		{E2351FCE-C7AC-4413-9C69-30979D535062}.Release|Any CPU.Build.0 = Release|Any CPU
		{CB981E64-172E-473D-A39E-23D636CF90E7}.Debug|Any CPU.ActiveCfg = Debug|Any CPU
		{CB981E64-172E-473D-A39E-23D636CF90E7}.Debug|Any CPU.Build.0 = Debug|Any CPU
		{CB981E64-172E-473D-A39E-23D636CF90E7}.Release|Any CPU.ActiveCfg = Release|Any CPU
		{CB981E64-172E-473D-A39E-23D636CF90E7}.Release|Any CPU.Build.0 = Release|Any CPU
		{1D136F75-FF49-4743-A278-ED8EEA239212}.Debug|Any CPU.ActiveCfg = Debug|Any CPU
		{1D136F75-FF49-4743-A278-ED8EEA239212}.Debug|Any CPU.Build.0 = Debug|Any CPU
		{1D136F75-FF49-4743-A278-ED8EEA239212}.Release|Any CPU.ActiveCfg = Release|Any CPU
		{1D136F75-FF49-4743-A278-ED8EEA239212}.Release|Any CPU.Build.0 = Release|Any CPU
	EndGlobalSection
	GlobalSection(NestedProjects) = preSolution
		{9565E611-AC6D-4C2C-BDC6-CD8649209E0A} = {65620F58-8B20-4FA2-8CE4-3FB158AD3FAD}
	EndGlobalSection
EndGlobal
